%{"certifi": {:hex, :certifi, "0.3.0"},
  "combine": {:hex, :combine, "0.5.4"},
  "comeonin": {:hex, :comeonin, "1.6.0"},
  "cqerl": {:git, "https://github.com/matehat/cqerl.git", "5b2bcd1d49ece0e3c7dac0fca4f6414ba3071161", [tag: "v0.8.0"]},
  "hackney": {:hex, :hackney, "1.4.6"},
  "idna": {:hex, :idna, "1.0.2"},
  "lz4": {:git, "https://github.com/szktty/erlang-lz4.git", "30878eafeff35939052c2cafe17d21c95029d3a1", []},
  "mimerl": {:hex, :mimerl, "1.0.0"},
  "pooler": {:git, "https://github.com/seth/pooler.git", "02c8ac9559f04be090507bb9d30d66a0baa5e0a6", []},
  "quickrand": {:hex, :quickrand, "1.5.0"},
  "semver": {:git, "https://github.com/nebularis/semver.git", "c7d509f38298ec6594be4efdcd8a8f2322760039", []},
  "snappy": {:git, "https://github.com/fdmanana/snappy-erlang-nif.git", "76417d16a8d39e04d66114d8f8a3c75df19474f0", []},
  "ssl_verify_hostname": {:hex, :ssl_verify_hostname, "1.0.5"},
  "timex": {:hex, :timex, "1.0.0-rc3"},
  "tzdata": {:hex, :tzdata, "0.5.5"},
  "uuid": {:git, "https://github.com/okeuday/uuid.git", "24325ae6309d03897735c3a320aab6f74b189ab7", []}}
